
Microsoft Visual Studio Solution File, Format Version 12.00
# Visual Studio Version 17
VisualStudioVersion = 17.5.33516.290
MinimumVisualStudioVersion = 10.0.40219.1
Project("{FAE04EC0-301F-11D3-BF4B-00C04F79EFBC}") = "FileListExample", "FileListExample\FileListExample.csproj", "{0DDF7293-E237-4FCC-B2BA-A3F5C68FD88B}"
EndProject
Global
	GlobalSection(SolutionConfigurationPlatforms) = preSolution
		Debug|Any CPU = Debug|Any CPU
		Release|Any CPU = Release|Any CPU
	EndGlobalSection
	GlobalSection(ProjectConfigurationPlatforms) = postSolution
		{0DDF7293-E237-4FCC-B2BA-A3F5C68FD88B}.Debug|Any CPU.ActiveCfg = Debug|Any CPU
		{0DDF7293-E237-4FCC-B2BA-A3F5C68FD88B}.Debug|Any CPU.Build.0 = Debug|Any CPU
		{0DDF7293-E237-4FCC-B2BA-A3F5C68FD88B}.Release|Any CPU.ActiveCfg = Release|Any CPU
		{0DDF7293-E237-4FCC-B2BA-A3F5C68FD88B}.Release|Any CPU.Build.0 = Release|Any CPU
	EndGlobalSection
	GlobalSection(SolutionProperties) = preSolution
		HideSolutionNode = FALSE
	EndGlobalSection
	GlobalSection(ExtensibilityGlobals) = postSolution
		SolutionGuid = {DC4D04E0-77B0-4653-829C-B21CB9F17A92}
	EndGlobalSection
EndGlobal
